// !$*UTF8*$!
{
	archiveVersion = 1;
	classes = {
	};
	objectVersion = 50;
	objects = {

/* Begin PBXBuildFile section */
		40127FF4256A3ADA002CF5B9 /* AppDelegate.swift in Sources */ = {isa = PBXBuildFile; fileRef = 40127FF3256A3ADA002CF5B9 /* AppDelegate.swift */; };
		40127FF6256A3ADA002CF5B9 /* SceneDelegate.swift in Sources */ = {isa = PBXBuildFile; fileRef = 40127FF5256A3ADA002CF5B9 /* SceneDelegate.swift */; };
		40127FF8256A3ADA002CF5B9 /* ScannerVC.swift in Sources */ = {isa = PBXBuildFile; fileRef = 40127FF7256A3ADA002CF5B9 /* ScannerVC.swift */; };
		40127FFB256A3ADA002CF5B9 /* Main.storyboard in Resources */ = {isa = PBXBuildFile; fileRef = 40127FF9256A3ADA002CF5B9 /* Main.storyboard */; };
		40127FFD256A3ADB002CF5B9 /* Assets.xcassets in Resources */ = {isa = PBXBuildFile; fileRef = 40127FFC256A3ADB002CF5B9 /* Assets.xcassets */; };
		40128000256A3ADB002CF5B9 /* LaunchScreen.storyboard in Resources */ = {isa = PBXBuildFile; fileRef = 40127FFE256A3ADB002CF5B9 /* LaunchScreen.storyboard */; };
		4012800B256A3ADB002CF5B9 /* SampleBarCodeScannerTests.swift in Sources */ = {isa = PBXBuildFile; fileRef = 4012800A256A3ADB002CF5B9 /* SampleBarCodeScannerTests.swift */; };
		4012801B256A3F33002CF5B9 /* Product.swift in Sources */ = {isa = PBXBuildFile; fileRef = 4012801A256A3F33002CF5B9 /* Product.swift */; };
		4012801D256A40E0002CF5B9 /* ProductList.swift in Sources */ = {isa = PBXBuildFile; fileRef = 4012801C256A40E0002CF5B9 /* ProductList.swift */; };
		40128024256A4290002CF5B9 /* UIAlertController+Alert.swift in Sources */ = {isa = PBXBuildFile; fileRef = 40128022256A4290002CF5B9 /* UIAlertController+Alert.swift */; };
		40128025256A4290002CF5B9 /* UIView+Extension.swift in Sources */ = {isa = PBXBuildFile; fileRef = 40128023256A4290002CF5B9 /* UIView+Extension.swift */; };
		40128027256A480A002CF5B9 /* ProductInfo.plist in Resources */ = {isa = PBXBuildFile; fileRef = 40128026256A480A002CF5B9 /* ProductInfo.plist */; };
		4012802A256A5CA0002CF5B9 /* ScannerViewModel.swift in Sources */ = {isa = PBXBuildFile; fileRef = 40128029256A5CA0002CF5B9 /* ScannerViewModel.swift */; };
		40128031256A6ECC002CF5B9 /* CartListVC.swift in Sources */ = {isa = PBXBuildFile; fileRef = 40128030256A6ECC002CF5B9 /* CartListVC.swift */; };
		40128033256A6EE4002CF5B9 /* CartListViewModel.swift in Sources */ = {isa = PBXBuildFile; fileRef = 40128032256A6EE4002CF5B9 /* CartListViewModel.swift */; };
		40128035256A7073002CF5B9 /* CartListCellModels.swift in Sources */ = {isa = PBXBuildFile; fileRef = 40128034256A7073002CF5B9 /* CartListCellModels.swift */; };
		40128039256A7529002CF5B9 /* CartItemTVC.swift in Sources */ = {isa = PBXBuildFile; fileRef = 40128037256A7529002CF5B9 /* CartItemTVC.swift */; };
		4012803A256A7529002CF5B9 /* CartItemTVC.xib in Resources */ = {isa = PBXBuildFile; fileRef = 40128038256A7529002CF5B9 /* CartItemTVC.xib */; };
/* End PBXBuildFile section */

/* Begin PBXContainerItemProxy section */
		40128007256A3ADB002CF5B9 /* PBXContainerItemProxy */ = {
			isa = PBXContainerItemProxy;
			containerPortal = 40127FE8256A3ADA002CF5B9 /* Project object */;
			proxyType = 1;
			remoteGlobalIDString = 40127FEF256A3ADA002CF5B9;
			remoteInfo = SampleBarCodeScanner;
		};
/* End PBXContainerItemProxy section */

/* Begin PBXFileReference section */
		40127FF0256A3ADA002CF5B9 /* SampleBarCodeScanner.app */ = {isa = PBXFileReference; explicitFileType = wrapper.application; includeInIndex = 0; path = SampleBarCodeScanner.app; sourceTree = BUILT_PRODUCTS_DIR; };
		40127FF3256A3ADA002CF5B9 /* AppDelegate.swift */ = {isa = PBXFileReference; lastKnownFileType = sourcecode.swift; path = AppDelegate.swift; sourceTree = "<group>"; };
		40127FF5256A3ADA002CF5B9 /* SceneDelegate.swift */ = {isa = PBXFileReference; lastKnownFileType = sourcecode.swift; path = SceneDelegate.swift; sourceTree = "<group>"; };
		40127FF7256A3ADA002CF5B9 /* ScannerVC.swift */ = {isa = PBXFileReference; lastKnownFileType = sourcecode.swift; path = ScannerVC.swift; sourceTree = "<group>"; };
		40127FFA256A3ADA002CF5B9 /* Base */ = {isa = PBXFileReference; lastKnownFileType = file.storyboard; name = Base; path = Base.lproj/Main.storyboard; sourceTree = "<group>"; };
		40127FFC256A3ADB002CF5B9 /* Assets.xcassets */ = {isa = PBXFileReference; lastKnownFileType = folder.assetcatalog; path = Assets.xcassets; sourceTree = "<group>"; };
		40127FFF256A3ADB002CF5B9 /* Base */ = {isa = PBXFileReference; lastKnownFileType = file.storyboard; name = Base; path = Base.lproj/LaunchScreen.storyboard; sourceTree = "<group>"; };
		40128001256A3ADB002CF5B9 /* Info.plist */ = {isa = PBXFileReference; lastKnownFileType = text.plist.xml; path = Info.plist; sourceTree = "<group>"; };
		40128006256A3ADB002CF5B9 /* SampleBarCodeScannerTests.xctest */ = {isa = PBXFileReference; explicitFileType = wrapper.cfbundle; includeInIndex = 0; path = SampleBarCodeScannerTests.xctest; sourceTree = BUILT_PRODUCTS_DIR; };
		4012800A256A3ADB002CF5B9 /* SampleBarCodeScannerTests.swift */ = {isa = PBXFileReference; lastKnownFileType = sourcecode.swift; path = SampleBarCodeScannerTests.swift; sourceTree = "<group>"; };
		4012800C256A3ADB002CF5B9 /* Info.plist */ = {isa = PBXFileReference; lastKnownFileType = text.plist.xml; path = Info.plist; sourceTree = "<group>"; };
		4012801A256A3F33002CF5B9 /* Product.swift */ = {isa = PBXFileReference; lastKnownFileType = sourcecode.swift; path = Product.swift; sourceTree = "<group>"; };
		4012801C256A40E0002CF5B9 /* ProductList.swift */ = {isa = PBXFileReference; lastKnownFileType = sourcecode.swift; path = ProductList.swift; sourceTree = "<group>"; };
		40128022256A4290002CF5B9 /* UIAlertController+Alert.swift */ = {isa = PBXFileReference; fileEncoding = 4; lastKnownFileType = sourcecode.swift; path = "UIAlertController+Alert.swift"; sourceTree = "<group>"; };
		40128023256A4290002CF5B9 /* UIView+Extension.swift */ = {isa = PBXFileReference; fileEncoding = 4; lastKnownFileType = sourcecode.swift; path = "UIView+Extension.swift"; sourceTree = "<group>"; };
		40128026256A480A002CF5B9 /* ProductInfo.plist */ = {isa = PBXFileReference; fileEncoding = 4; lastKnownFileType = text.plist.xml; path = ProductInfo.plist; sourceTree = "<group>"; };
		40128029256A5CA0002CF5B9 /* ScannerViewModel.swift */ = {isa = PBXFileReference; lastKnownFileType = sourcecode.swift; path = ScannerViewModel.swift; sourceTree = "<group>"; };
		40128030256A6ECC002CF5B9 /* CartListVC.swift */ = {isa = PBXFileReference; lastKnownFileType = sourcecode.swift; path = CartListVC.swift; sourceTree = "<group>"; };
		40128032256A6EE4002CF5B9 /* CartListViewModel.swift */ = {isa = PBXFileReference; lastKnownFileType = sourcecode.swift; path = CartListViewModel.swift; sourceTree = "<group>"; };
		40128034256A7073002CF5B9 /* CartListCellModels.swift */ = {isa = PBXFileReference; lastKnownFileType = sourcecode.swift; path = CartListCellModels.swift; sourceTree = "<group>"; };
		40128037256A7529002CF5B9 /* CartItemTVC.swift */ = {isa = PBXFileReference; lastKnownFileType = sourcecode.swift; path = CartItemTVC.swift; sourceTree = "<group>"; };
		40128038256A7529002CF5B9 /* CartItemTVC.xib */ = {isa = PBXFileReference; lastKnownFileType = file.xib; path = CartItemTVC.xib; sourceTree = "<group>"; };
/* End PBXFileReference section */

/* Begin PBXFrameworksBuildPhase section */
		40127FED256A3ADA002CF5B9 /* Frameworks */ = {
			isa = PBXFrameworksBuildPhase;
			buildActionMask = 2147483647;
			files = (
			);
			runOnlyForDeploymentPostprocessing = 0;
		};
		40128003256A3ADB002CF5B9 /* Frameworks */ = {
			isa = PBXFrameworksBuildPhase;
			buildActionMask = 2147483647;
			files = (
			);
			runOnlyForDeploymentPostprocessing = 0;
		};
/* End PBXFrameworksBuildPhase section */

/* Begin PBXGroup section */
		40127FE7256A3ADA002CF5B9 = {
			isa = PBXGroup;
			children = (
				40127FF2256A3ADA002CF5B9 /* SampleBarCodeScanner */,
				40128009256A3ADB002CF5B9 /* SampleBarCodeScannerTests */,
				40127FF1256A3ADA002CF5B9 /* Products */,
			);
			sourceTree = "<group>";
		};
		40127FF1256A3ADA002CF5B9 /* Products */ = {
			isa = PBXGroup;
			children = (
				40127FF0256A3ADA002CF5B9 /* SampleBarCodeScanner.app */,
				40128006256A3ADB002CF5B9 /* SampleBarCodeScannerTests.xctest */,
			);
			name = Products;
			sourceTree = "<group>";
		};
		40127FF2256A3ADA002CF5B9 /* SampleBarCodeScanner */ = {
			isa = PBXGroup;
			children = (
				40128015256A3EE1002CF5B9 /* Features */,
				40128021256A426B002CF5B9 /* Utility */,
				40127FF3256A3ADA002CF5B9 /* AppDelegate.swift */,
				40127FF5256A3ADA002CF5B9 /* SceneDelegate.swift */,
				40127FF9256A3ADA002CF5B9 /* Main.storyboard */,
				40127FFC256A3ADB002CF5B9 /* Assets.xcassets */,
				40127FFE256A3ADB002CF5B9 /* LaunchScreen.storyboard */,
				40128001256A3ADB002CF5B9 /* Info.plist */,
			);
			path = SampleBarCodeScanner;
			sourceTree = "<group>";
		};
		40128009256A3ADB002CF5B9 /* SampleBarCodeScannerTests */ = {
			isa = PBXGroup;
			children = (
				4012800A256A3ADB002CF5B9 /* SampleBarCodeScannerTests.swift */,
				4012800C256A3ADB002CF5B9 /* Info.plist */,
			);
			path = SampleBarCodeScannerTests;
			sourceTree = "<group>";
		};
		40128015256A3EE1002CF5B9 /* Features */ = {
			isa = PBXGroup;
			children = (
				40128016256A3EEB002CF5B9 /* Scanner */,
				4012802C256A6E8C002CF5B9 /* CartList */,
				40128017256A3EF4002CF5B9 /* Scanned Product */,
			);
			path = Features;
			sourceTree = "<group>";
		};
		40128016256A3EEB002CF5B9 /* Scanner */ = {
			isa = PBXGroup;
			children = (
				40128019256A3F21002CF5B9 /* Model */,
				40128020256A41B2002CF5B9 /* Plist */,
				40128028256A5C8B002CF5B9 /* View Model */,
				40128018256A3F12002CF5B9 /* Controller */,
			);
			path = Scanner;
			sourceTree = "<group>";
		};
		40128017256A3EF4002CF5B9 /* Scanned Product */ = {
			isa = PBXGroup;
			children = (
			);
			path = "Scanned Product";
			sourceTree = "<group>";
		};
		40128018256A3F12002CF5B9 /* Controller */ = {
			isa = PBXGroup;
			children = (
				40127FF7256A3ADA002CF5B9 /* ScannerVC.swift */,
			);
			path = Controller;
			sourceTree = "<group>";
		};
		40128019256A3F21002CF5B9 /* Model */ = {
			isa = PBXGroup;
			children = (
				4012801A256A3F33002CF5B9 /* Product.swift */,
				4012801C256A40E0002CF5B9 /* ProductList.swift */,
			);
			path = Model;
			sourceTree = "<group>";
		};
		40128020256A41B2002CF5B9 /* Plist */ = {
			isa = PBXGroup;
			children = (
				40128026256A480A002CF5B9 /* ProductInfo.plist */,
			);
			path = Plist;
			sourceTree = "<group>";
		};
		40128021256A426B002CF5B9 /* Utility */ = {
			isa = PBXGroup;
			children = (
				40128022256A4290002CF5B9 /* UIAlertController+Alert.swift */,
				40128023256A4290002CF5B9 /* UIView+Extension.swift */,
			);
			path = Utility;
			sourceTree = "<group>";
		};
		40128028256A5C8B002CF5B9 /* View Model */ = {
			isa = PBXGroup;
			children = (
				40128029256A5CA0002CF5B9 /* ScannerViewModel.swift */,
			);
			path = "View Model";
			sourceTree = "<group>";
		};
		4012802C256A6E8C002CF5B9 /* CartList */ = {
			isa = PBXGroup;
			children = (
				40128036256A707A002CF5B9 /* Models */,
				4012802F256A6EA9002CF5B9 /* Views */,
				4012802E256A6EA0002CF5B9 /* View Model */,
				4012802D256A6E9A002CF5B9 /* Controller */,
			);
			path = CartList;
			sourceTree = "<group>";
		};
		4012802D256A6E9A002CF5B9 /* Controller */ = {
			isa = PBXGroup;
			children = (
				40128030256A6ECC002CF5B9 /* CartListVC.swift */,
			);
			path = Controller;
			sourceTree = "<group>";
		};
		4012802E256A6EA0002CF5B9 /* View Model */ = {
			isa = PBXGroup;
			children = (
				40128032256A6EE4002CF5B9 /* CartListViewModel.swift */,
			);
			path = "View Model";
			sourceTree = "<group>";
		};
		4012802F256A6EA9002CF5B9 /* Views */ = {
			isa = PBXGroup;
			children = (
				40128037256A7529002CF5B9 /* CartItemTVC.swift */,
				40128038256A7529002CF5B9 /* CartItemTVC.xib */,
			);
			path = Views;
			sourceTree = "<group>";
		};
		40128036256A707A002CF5B9 /* Models */ = {
			isa = PBXGroup;
			children = (
				40128034256A7073002CF5B9 /* CartListCellModels.swift */,
			);
			path = Models;
			sourceTree = "<group>";
		};
/* End PBXGroup section */

/* Begin PBXNativeTarget section */
		40127FEF256A3ADA002CF5B9 /* SampleBarCodeScanner */ = {
			isa = PBXNativeTarget;
			buildConfigurationList = 4012800F256A3ADB002CF5B9 /* Build configuration list for PBXNativeTarget "SampleBarCodeScanner" */;
			buildPhases = (
				40127FEC256A3ADA002CF5B9 /* Sources */,
				40127FED256A3ADA002CF5B9 /* Frameworks */,
				40127FEE256A3ADA002CF5B9 /* Resources */,
			);
			buildRules = (
			);
			dependencies = (
			);
			name = SampleBarCodeScanner;
			productName = SampleBarCodeScanner;
			productReference = 40127FF0256A3ADA002CF5B9 /* SampleBarCodeScanner.app */;
			productType = "com.apple.product-type.application";
		};
		40128005256A3ADB002CF5B9 /* SampleBarCodeScannerTests */ = {
			isa = PBXNativeTarget;
			buildConfigurationList = 40128012256A3ADB002CF5B9 /* Build configuration list for PBXNativeTarget "SampleBarCodeScannerTests" */;
			buildPhases = (
				40128002256A3ADB002CF5B9 /* Sources */,
				40128003256A3ADB002CF5B9 /* Frameworks */,
				40128004256A3ADB002CF5B9 /* Resources */,
			);
			buildRules = (
			);
			dependencies = (
				40128008256A3ADB002CF5B9 /* PBXTargetDependency */,
			);
			name = SampleBarCodeScannerTests;
			productName = SampleBarCodeScannerTests;
			productReference = 40128006256A3ADB002CF5B9 /* SampleBarCodeScannerTests.xctest */;
			productType = "com.apple.product-type.bundle.unit-test";
		};
/* End PBXNativeTarget section */

/* Begin PBXProject section */
		40127FE8256A3ADA002CF5B9 /* Project object */ = {
			isa = PBXProject;
			attributes = {
				LastSwiftUpdateCheck = 1150;
				LastUpgradeCheck = 1150;
				ORGANIZATIONNAME = "Niraj Kumar Jha";
				TargetAttributes = {
					40127FEF256A3ADA002CF5B9 = {
						CreatedOnToolsVersion = 11.5;
					};
					40128005256A3ADB002CF5B9 = {
						CreatedOnToolsVersion = 11.5;
						TestTargetID = 40127FEF256A3ADA002CF5B9;
					};
				};
			};
			buildConfigurationList = 40127FEB256A3ADA002CF5B9 /* Build configuration list for PBXProject "SampleBarCodeScanner" */;
			compatibilityVersion = "Xcode 9.3";
			developmentRegion = en;
			hasScannedForEncodings = 0;
			knownRegions = (
				en,
				Base,
			);
			mainGroup = 40127FE7256A3ADA002CF5B9;
			productRefGroup = 40127FF1256A3ADA002CF5B9 /* Products */;
			projectDirPath = "";
			projectRoot = "";
			targets = (
				40127FEF256A3ADA002CF5B9 /* SampleBarCodeScanner */,
				40128005256A3ADB002CF5B9 /* SampleBarCodeScannerTests */,
			);
		};
/* End PBXProject section */

/* Begin PBXResourcesBuildPhase section */
		40127FEE256A3ADA002CF5B9 /* Resources */ = {
			isa = PBXResourcesBuildPhase;
			buildActionMask = 2147483647;
			files = (
				40128000256A3ADB002CF5B9 /* LaunchScreen.storyboard in Resources */,
				40127FFD256A3ADB002CF5B9 /* Assets.xcassets in Resources */,
				40128027256A480A002CF5B9 /* ProductInfo.plist in Resources */,
				40127FFB256A3ADA002CF5B9 /* Main.storyboard in Resources */,
				4012803A256A7529002CF5B9 /* CartItemTVC.xib in Resources */,
			);
			runOnlyForDeploymentPostprocessing = 0;
		};
		40128004256A3ADB002CF5B9 /* Resources */ = {
			isa = PBXResourcesBuildPhase;
			buildActionMask = 2147483647;
			files = (
			);
			runOnlyForDeploymentPostprocessing = 0;
		};
/* End PBXResourcesBuildPhase section */

/* Begin PBXSourcesBuildPhase section */
		40127FEC256A3ADA002CF5B9 /* Sources */ = {
			isa = PBXSourcesBuildPhase;
			buildActionMask = 2147483647;
			files = (
				40127FF8256A3ADA002CF5B9 /* ScannerVC.swift in Sources */,
				40128025256A4290002CF5B9 /* UIView+Extension.swift in Sources */,
				4012801D256A40E0002CF5B9 /* ProductList.swift in Sources */,
				40128035256A7073002CF5B9 /* CartListCellModels.swift in Sources */,
				40128031256A6ECC002CF5B9 /* CartListVC.swift in Sources */,
				4012801B256A3F33002CF5B9 /* Product.swift in Sources */,
				40128039256A7529002CF5B9 /* CartItemTVC.swift in Sources */,
				40128024256A4290002CF5B9 /* UIAlertController+Alert.swift in Sources */,
				40127FF4256A3ADA002CF5B9 /* AppDelegate.swift in Sources */,
				40127FF6256A3ADA002CF5B9 /* SceneDelegate.swift in Sources */,
				40128033256A6EE4002CF5B9 /* CartListViewModel.swift in Sources */,
				4012802A256A5CA0002CF5B9 /* ScannerViewModel.swift in Sources */,
			);
			runOnlyForDeploymentPostprocessing = 0;
		};
		40128002256A3ADB002CF5B9 /* Sources */ = {
			isa = PBXSourcesBuildPhase;
			buildActionMask = 2147483647;
			files = (
				4012800B256A3ADB002CF5B9 /* SampleBarCodeScannerTests.swift in Sources */,
			);
			runOnlyForDeploymentPostprocessing = 0;
		};
/* End PBXSourcesBuildPhase section */

/* Begin PBXTargetDependency section */
		40128008256A3ADB002CF5B9 /* PBXTargetDependency */ = {
			isa = PBXTargetDependency;
			target = 40127FEF256A3ADA002CF5B9 /* SampleBarCodeScanner */;
			targetProxy = 40128007256A3ADB002CF5B9 /* PBXContainerItemProxy */;
		};
/* End PBXTargetDependency section */

/* Begin PBXVariantGroup section */
		40127FF9256A3ADA002CF5B9 /* Main.storyboard */ = {
			isa = PBXVariantGroup;
			children = (
				40127FFA256A3ADA002CF5B9 /* Base */,
			);
			name = Main.storyboard;
			sourceTree = "<group>";
		};
		40127FFE256A3ADB002CF5B9 /* LaunchScreen.storyboard */ = {
			isa = PBXVariantGroup;
			children = (
				40127FFF256A3ADB002CF5B9 /* Base */,
			);
			name = LaunchScreen.storyboard;
			sourceTree = "<group>";
		};
/* End PBXVariantGroup section */

/* Begin XCBuildConfiguration section */
		4012800D256A3ADB002CF5B9 /* Debug */ = {
			isa = XCBuildConfiguration;
			buildSettings = {
				ALWAYS_SEARCH_USER_PATHS = NO;
				CLANG_ANALYZER_NONNULL = YES;
				CLANG_ANALYZER_NUMBER_OBJECT_CONVERSION = YES_AGGRESSIVE;
				CLANG_CXX_LANGUAGE_STANDARD = "gnu++14";
				CLANG_CXX_LIBRARY = "libc++";
				CLANG_ENABLE_MODULES = YES;
				CLANG_ENABLE_OBJC_ARC = YES;
				CLANG_ENABLE_OBJC_WEAK = YES;
				CLANG_WARN_BLOCK_CAPTURE_AUTORELEASING = YES;
				CLANG_WARN_BOOL_CONVERSION = YES;
				CLANG_WARN_COMMA = YES;
				CLANG_WARN_CONSTANT_CONVERSION = YES;
				CLANG_WARN_DEPRECATED_OBJC_IMPLEMENTATIONS = YES;
				CLANG_WARN_DIRECT_OBJC_ISA_USAGE = YES_ERROR;
				CLANG_WARN_DOCUMENTATION_COMMENTS = YES;
				CLANG_WARN_EMPTY_BODY = YES;
				CLANG_WARN_ENUM_CONVERSION = YES;
				CLANG_WARN_INFINITE_RECURSION = YES;
				CLANG_WARN_INT_CONVERSION = YES;
				CLANG_WARN_NON_LITERAL_NULL_CONVERSION = YES;
				CLANG_WARN_OBJC_IMPLICIT_RETAIN_SELF = YES;
				CLANG_WARN_OBJC_LITERAL_CONVERSION = YES;
				CLANG_WARN_OBJC_ROOT_CLASS = YES_ERROR;
				CLANG_WARN_RANGE_LOOP_ANALYSIS = YES;
				CLANG_WARN_STRICT_PROTOTYPES = YES;
				CLANG_WARN_SUSPICIOUS_MOVE = YES;
				CLANG_WARN_UNGUARDED_AVAILABILITY = YES_AGGRESSIVE;
				CLANG_WARN_UNREACHABLE_CODE = YES;
				CLANG_WARN__DUPLICATE_METHOD_MATCH = YES;
				COPY_PHASE_STRIP = NO;
				DEBUG_INFORMATION_FORMAT = dwarf;
				ENABLE_STRICT_OBJC_MSGSEND = YES;
				ENABLE_TESTABILITY = YES;
				GCC_C_LANGUAGE_STANDARD = gnu11;
				GCC_DYNAMIC_NO_PIC = NO;
				GCC_NO_COMMON_BLOCKS = YES;
				GCC_OPTIMIZATION_LEVEL = 0;
				GCC_PREPROCESSOR_DEFINITIONS = (
					"DEBUG=1",
					"$(inherited)",
				);
				GCC_WARN_64_TO_32_BIT_CONVERSION = YES;
				GCC_WARN_ABOUT_RETURN_TYPE = YES_ERROR;
				GCC_WARN_UNDECLARED_SELECTOR = YES;
				GCC_WARN_UNINITIALIZED_AUTOS = YES_AGGRESSIVE;
				GCC_WARN_UNUSED_FUNCTION = YES;
				GCC_WARN_UNUSED_VARIABLE = YES;
				IPHONEOS_DEPLOYMENT_TARGET = 13.0;
				MTL_ENABLE_DEBUG_INFO = INCLUDE_SOURCE;
				MTL_FAST_MATH = YES;
				ONLY_ACTIVE_ARCH = YES;
				SDKROOT = iphoneos;
				SWIFT_ACTIVE_COMPILATION_CONDITIONS = DEBUG;
				SWIFT_OPTIMIZATION_LEVEL = "-Onone";
			};
			name = Debug;
		};
		4012800E256A3ADB002CF5B9 /* Release */ = {
			isa = XCBuildConfiguration;
			buildSettings = {
				ALWAYS_SEARCH_USER_PATHS = NO;
				CLANG_ANALYZER_NONNULL = YES;
				CLANG_ANALYZER_NUMBER_OBJECT_CONVERSION = YES_AGGRESSIVE;
				CLANG_CXX_LANGUAGE_STANDARD = "gnu++14";
				CLANG_CXX_LIBRARY = "libc++";
				CLANG_ENABLE_MODULES = YES;
				CLANG_ENABLE_OBJC_ARC = YES;
				CLANG_ENABLE_OBJC_WEAK = YES;
				CLANG_WARN_BLOCK_CAPTURE_AUTORELEASING = YES;
				CLANG_WARN_BOOL_CONVERSION = YES;
				CLANG_WARN_COMMA = YES;
				CLANG_WARN_CONSTANT_CONVERSION = YES;
				CLANG_WARN_DEPRECATED_OBJC_IMPLEMENTATIONS = YES;
				CLANG_WARN_DIRECT_OBJC_ISA_USAGE = YES_ERROR;
				CLANG_WARN_DOCUMENTATION_COMMENTS = YES;
				CLANG_WARN_EMPTY_BODY = YES;
				CLANG_WARN_ENUM_CONVERSION = YES;
				CLANG_WARN_INFINITE_RECURSION = YES;
				CLANG_WARN_INT_CONVERSION = YES;
				CLANG_WARN_NON_LITERAL_NULL_CONVERSION = YES;
				CLANG_WARN_OBJC_IMPLICIT_RETAIN_SELF = YES;
				CLANG_WARN_OBJC_LITERAL_CONVERSION = YES;
				CLANG_WARN_OBJC_ROOT_CLASS = YES_ERROR;
				CLANG_WARN_RANGE_LOOP_ANALYSIS = YES;
				CLANG_WARN_STRICT_PROTOTYPES = YES;
				CLANG_WARN_SUSPICIOUS_MOVE = YES;
				CLANG_WARN_UNGUARDED_AVAILABILITY = YES_AGGRESSIVE;
				CLANG_WARN_UNREACHABLE_CODE = YES;
				CLANG_WARN__DUPLICATE_METHOD_MATCH = YES;
				COPY_PHASE_STRIP = NO;
				DEBUG_INFORMATION_FORMAT = "dwarf-with-dsym";
				ENABLE_NS_ASSERTIONS = NO;
				ENABLE_STRICT_OBJC_MSGSEND = YES;
				GCC_C_LANGUAGE_STANDARD = gnu11;
				GCC_NO_COMMON_BLOCKS = YES;
				GCC_WARN_64_TO_32_BIT_CONVERSION = YES;
				GCC_WARN_ABOUT_RETURN_TYPE = YES_ERROR;
				GCC_WARN_UNDECLARED_SELECTOR = YES;
				GCC_WARN_UNINITIALIZED_AUTOS = YES_AGGRESSIVE;
				GCC_WARN_UNUSED_FUNCTION = YES;
				GCC_WARN_UNUSED_VARIABLE = YES;
				IPHONEOS_DEPLOYMENT_TARGET = 13.0;
				MTL_ENABLE_DEBUG_INFO = NO;
				MTL_FAST_MATH = YES;
				SDKROOT = iphoneos;
				SWIFT_COMPILATION_MODE = wholemodule;
				SWIFT_OPTIMIZATION_LEVEL = "-O";
				VALIDATE_PRODUCT = YES;
			};
			name = Release;
		};
		40128010256A3ADB002CF5B9 /* Debug */ = {
			isa = XCBuildConfiguration;
			buildSettings = {
				ASSETCATALOG_COMPILER_APPICON_NAME = AppIcon;
				CODE_SIGN_STYLE = Automatic;
				DEVELOPMENT_TEAM = B4G4Y5F4Y2;
				INFOPLIST_FILE = SampleBarCodeScanner/Info.plist;
				LD_RUNPATH_SEARCH_PATHS = (
					"$(inherited)",
					"@executable_path/Frameworks",
				);
				PRODUCT_BUNDLE_IDENTIFIER = com.scan.app.SampleBarCodeScanner;
				PRODUCT_NAME = "$(TARGET_NAME)";
				SWIFT_VERSION = 5.0;
				TARGETED_DEVICE_FAMILY = "1,2";
			};
			name = Debug;
		};
		40128011256A3ADB002CF5B9 /* Release */ = {
			isa = XCBuildConfiguration;
			buildSettings = {
				ASSETCATALOG_COMPILER_APPICON_NAME = AppIcon;
				CODE_SIGN_STYLE = Automatic;
				DEVELOPMENT_TEAM = B4G4Y5F4Y2;
				INFOPLIST_FILE = SampleBarCodeScanner/Info.plist;
				LD_RUNPATH_SEARCH_PATHS = (
					"$(inherited)",
					"@executable_path/Frameworks",
				);
				PRODUCT_BUNDLE_IDENTIFIER = com.scan.app.SampleBarCodeScanner;
				PRODUCT_NAME = "$(TARGET_NAME)";
				SWIFT_VERSION = 5.0;
				TARGETED_DEVICE_FAMILY = "1,2";
			};
			name = Release;
		};
		40128013256A3ADB002CF5B9 /* Debug */ = {
			isa = XCBuildConfiguration;
			buildSettings = {
				ALWAYS_EMBED_SWIFT_STANDARD_LIBRARIES = YES;
				BUNDLE_LOADER = "$(TEST_HOST)";
				CODE_SIGN_STYLE = Automatic;
				DEVELOPMENT_TEAM = B4G4Y5F4Y2;
				INFOPLIST_FILE = SampleBarCodeScannerTests/Info.plist;
				IPHONEOS_DEPLOYMENT_TARGET = 13.5;
				LD_RUNPATH_SEARCH_PATHS = (
					"$(inherited)",
					"@executable_path/Frameworks",
					"@loader_path/Frameworks",
				);
				PRODUCT_BUNDLE_IDENTIFIER = com.scan.app.SampleBarCodeScannerTests;
				PRODUCT_NAME = "$(TARGET_NAME)";
				SWIFT_VERSION = 5.0;
				TARGETED_DEVICE_FAMILY = "1,2";
				TEST_HOST = "$(BUILT_PRODUCTS_DIR)/SampleBarCodeScanner.app/SampleBarCodeScanner";
			};
			name = Debug;
		};
		40128014256A3ADB002CF5B9 /* Release */ = {
			isa = XCBuildConfiguration;
			buildSettings = {
				ALWAYS_EMBED_SWIFT_STANDARD_LIBRARIES = YES;
				BUNDLE_LOADER = "$(TEST_HOST)";
				CODE_SIGN_STYLE = Automatic;
				DEVELOPMENT_TEAM = B4G4Y5F4Y2;
				INFOPLIST_FILE = SampleBarCodeScannerTests/Info.plist;
				IPHONEOS_DEPLOYMENT_TARGET = 13.5;
				LD_RUNPATH_SEARCH_PATHS = (
					"$(inherited)",
					"@executable_path/Frameworks",
					"@loader_path/Frameworks",
				);
				PRODUCT_BUNDLE_IDENTIFIER = com.scan.app.SampleBarCodeScannerTests;
				PRODUCT_NAME = "$(TARGET_NAME)";
				SWIFT_VERSION = 5.0;
				TARGETED_DEVICE_FAMILY = "1,2";
				TEST_HOST = "$(BUILT_PRODUCTS_DIR)/SampleBarCodeScanner.app/SampleBarCodeScanner";
			};
			name = Release;
		};
/* End XCBuildConfiguration section */

/* Begin XCConfigurationList section */
		40127FEB256A3ADA002CF5B9 /* Build configuration list for PBXProject "SampleBarCodeScanner" */ = {
			isa = XCConfigurationList;
			buildConfigurations = (
				4012800D256A3ADB002CF5B9 /* Debug */,
				4012800E256A3ADB002CF5B9 /* Release */,
			);
			defaultConfigurationIsVisible = 0;
			defaultConfigurationName = Release;
		};
		4012800F256A3ADB002CF5B9 /* Build configuration list for PBXNativeTarget "SampleBarCodeScanner" */ = {
			isa = XCConfigurationList;
			buildConfigurations = (
				40128010256A3ADB002CF5B9 /* Debug */,
				40128011256A3ADB002CF5B9 /* Release */,
			);
			defaultConfigurationIsVisible = 0;
			defaultConfigurationName = Release;
		};
		40128012256A3ADB002CF5B9 /* Build configuration list for PBXNativeTarget "SampleBarCodeScannerTests" */ = {
			isa = XCConfigurationList;
			buildConfigurations = (
				40128013256A3ADB002CF5B9 /* Debug */,
				40128014256A3ADB002CF5B9 /* Release */,
			);
			defaultConfigurationIsVisible = 0;
			defaultConfigurationName = Release;
		};
/* End XCConfigurationList section */
	};
	rootObject = 40127FE8256A3ADA002CF5B9 /* Project object */;
}
